<?xml version="1.0" encoding="UTF-8" standalone="yes" ?>
<CodeBlocks_project_file>
	<FileVersion major="1" minor="6" />
	<Project>
		<Option title="ecu" />
		<Option pch_mode="2" />
		<Option compiler="avr-gcc" />
		<Build>
			<Target title="Release">
				<Option output="bin/Release/ecu.elf" prefix_auto="1" extension_auto="0" />
				<Option working_dir="" />
				<Option object_output="obj/Release/" />
				<Option type="5" />
				<Option compiler="avr-gcc" />
				<Compiler>
					<Add option="-Os" />
				</Compiler>
			</Target>
			<Environment>
				<Variable name="MCU" value="atmega128" />
			</Environment>
		</Build>
		<Compiler>
			<Add option="-mmcu=atmega128" />
			<Add option="-Wall" />
			<Add option="-DF_CPU=16000000UL" />
		</Compiler>
		<Linker>
			<Add option="-mmcu=atmega128" />
			<Add option="-Wl,-Map=$(TARGET_OUTPUT_DIR)$(TARGET_OUTPUT_BASENAME).map,--cref" />
			<Add option="-Wl,-u,vfprintf -lprintf_flt" />
			<Add option="-lm" />
		</Linker>
		<ExtraCommands>
			<Add after='cmd /c &quot;avr-objdump -h -S $(TARGET_OUTPUT_FILE) &gt; $(TARGET_OUTPUT_DIR)$(TARGET_OUTPUT_BASENAME).lss&quot;' />
			<Add after="avr-objcopy -R .eeprom -R .fuse -R .lock -R .signature -O ihex $(TARGET_OUTPUT_FILE) $(TARGET_OUTPUT_DIR)$(TARGET_OUTPUT_BASENAME).hex" />
			<Add after="avr-objcopy --no-change-warnings -j .eeprom --change-section-lma .eeprom=0 -O ihex $(TARGET_OUTPUT_FILE) $(TARGET_OUTPUT_DIR)$(TARGET_OUTPUT_BASENAME).eep" />
			<Add after="avr-size -C --mcu=atmega128 $(TARGET_OUTPUT_FILE)" />
		</ExtraCommands>
		<Unit filename="arial_bold_14.h" />
		<Unit filename="config.c">
			<Option compilerVar="CC" />
		</Unit>
		<Unit filename="core.c">
			<Option compilerVar="CC" />
		</Unit>
		<Unit filename="corsiva_12.h" />
		<Unit filename="display.c">
			<Option compilerVar="CC" />
		</Unit>
		<Unit filename="font5x7.h" />
		<Unit filename="lcd_driver_KS0107.c">
			<Option compilerVar="CC" />
		</Unit>
		<Unit filename="lcd_driver_KS0107.h" />
		<Unit filename="lcd_graphics.c">
			<Option compilerVar="CC" />
		</Unit>
		<Unit filename="lcd_graphics.h" />
		<Unit filename="logo.h" />
		<Unit filename="main.c">
			<Option compilerVar="CC" />
		</Unit>
		<Extensions>
			<code_completion />
			<envvars />
			<debugger />
		</Extensions>
	</Project>
</CodeBlocks_project_file>
